Microsoft Visual Studio Solution File, Format Version 12.00
# Visual Studio Version 17
VisualStudioVersion = 17.5.2.0
MinimumVisualStudioVersion = 10.0.40219.1
Project("{FAE04EC0-301F-11D3-BF4B-00C04F79EFBC}") = "shopapp.data", "shopapp.data\shopapp.data.csproj", "{7B171C03-8797-0923-EFD3-05BCF0904466}"
EndProject
Project("{FAE04EC0-301F-11D3-BF4B-00C04F79EFBC}") = "shopapp.entity", "shopapp.entity\shopapp.entity.csproj", "{1F72B8EB-FB1E-732B-2A92-2165AAF7D6D5}"
EndProject
Project("{FAE04EC0-301F-11D3-BF4B-00C04F79EFBC}") = "shopapp.webui", "shopapp.webui\shopapp.webui.csproj", "{71B86BA1-C765-4E85-681F-42ED1FE771B7}"
EndProject
Project("{FAE04EC0-301F-11D3-BF4B-00C04F79EFBC}") = "shopapp.business", "shopapp.business\shopapp.business.csproj", "{EB0F3079-C863-48DE-98E0-DB6416025896}"
EndProject
Global
	GlobalSection(SolutionConfigurationPlatforms) = preSolution
		Debug|Any CPU = Debug|Any CPU
		Release|Any CPU = Release|Any CPU
	EndGlobalSection
	GlobalSection(ProjectConfigurationPlatforms) = postSolution
		{7B171C03-8797-0923-EFD3-05BCF0904466}.Debug|Any CPU.ActiveCfg = Debug|Any CPU
		{7B171C03-8797-0923-EFD3-05BCF0904466}.Debug|Any CPU.Build.0 = Debug|Any CPU
		{7B171C03-8797-0923-EFD3-05BCF0904466}.Release|Any CPU.ActiveCfg = Release|Any CPU
		{7B171C03-8797-0923-EFD3-05BCF0904466}.Release|Any CPU.Build.0 = Release|Any CPU
		{1F72B8EB-FB1E-732B-2A92-2165AAF7D6D5}.Debug|Any CPU.ActiveCfg = Debug|Any CPU
		{1F72B8EB-FB1E-732B-2A92-2165AAF7D6D5}.Debug|Any CPU.Build.0 = Debug|Any CPU
		{1F72B8EB-FB1E-732B-2A92-2165AAF7D6D5}.Release|Any CPU.ActiveCfg = Release|Any CPU
		{1F72B8EB-FB1E-732B-2A92-2165AAF7D6D5}.Release|Any CPU.Build.0 = Release|Any CPU
		{71B86BA1-C765-4E85-681F-42ED1FE771B7}.Debug|Any CPU.ActiveCfg = Debug|Any CPU
		{71B86BA1-C765-4E85-681F-42ED1FE771B7}.Debug|Any CPU.Build.0 = Debug|Any CPU
		{71B86BA1-C765-4E85-681F-42ED1FE771B7}.Release|Any CPU.ActiveCfg = Release|Any CPU
		{71B86BA1-C765-4E85-681F-42ED1FE771B7}.Release|Any CPU.Build.0 = Release|Any CPU
		{EB0F3079-C863-48DE-98E0-DB6416025896}.Debug|Any CPU.ActiveCfg = Debug|Any CPU
		{EB0F3079-C863-48DE-98E0-DB6416025896}.Debug|Any CPU.Build.0 = Debug|Any CPU
		{EB0F3079-C863-48DE-98E0-DB6416025896}.Release|Any CPU.ActiveCfg = Release|Any CPU
		{EB0F3079-C863-48DE-98E0-DB6416025896}.Release|Any CPU.Build.0 = Release|Any CPU
	EndGlobalSection
	GlobalSection(SolutionProperties) = preSolution
		HideSolutionNode = FALSE
	EndGlobalSection
	GlobalSection(ExtensibilityGlobals) = postSolution
		SolutionGuid = {1152C58D-4B74-4FF4-9AE9-FCBFCD9EE251}
	EndGlobalSection
EndGlobal
